Microsoft Visual Studio Solution File, Format Version 12.00
# Visual Studio Version 17
VisualStudioVersion = 17.5.2.0
MinimumVisualStudioVersion = 10.0.40219.1
Project("{FAE04EC0-301F-11D3-BF4B-00C04F79EFBC}") = "CortexApi", "backend\CortexApi.csproj", "{5B6381E3-197D-7033-B93F-A7AD142B52E0}"
EndProject
Global
	GlobalSection(SolutionConfigurationPlatforms) = preSolution
		Debug|Any CPU = Debug|Any CPU
		Release|Any CPU = Release|Any CPU
	EndGlobalSection
	GlobalSection(ProjectConfigurationPlatforms) = postSolution
		{5B6381E3-197D-7033-B93F-A7AD142B52E0}.Debug|Any CPU.ActiveCfg = Debug|Any CPU
		{5B6381E3-197D-7033-B93F-A7AD142B52E0}.Debug|Any CPU.Build.0 = Debug|Any CPU
		{5B6381E3-197D-7033-B93F-A7AD142B52E0}.Release|Any CPU.ActiveCfg = Release|Any CPU
		{5B6381E3-197D-7033-B93F-A7AD142B52E0}.Release|Any CPU.Build.0 = Release|Any CPU
	EndGlobalSection
	GlobalSection(SolutionProperties) = preSolution
		HideSolutionNode = FALSE
	EndGlobalSection
	GlobalSection(ExtensibilityGlobals) = postSolution
		SolutionGuid = {50EFE1FE-8910-4C9A-A537-C780D751D31C}
	EndGlobalSection
EndGlobal
